{
  "meteor": {},
  "dependencies": {
    "basePackages": {
      "moment": {},
      "Foundation-5": {}
    },
    "packages": {
      "moment": {
        "git": "https://github.com/acreeger/meteor-moment.git",
        "tag": "v2.5.1",
        "commit": "8c9bc5d3fc96705057737cb9743d555417f6e551"
      },
      "Foundation-5": {
        "git": "https://github.com/ConnorAtherton/meteor-foundation-5.git",
        "tag": "v0.2.0",
        "commit": "670d6963825c6eeb3e145cbf9819f538dc82028f"
      }
    }
  }
}
