{
  "meteor": {},
  "dependencies": {
    "basePackages": {
      "moment": {},
      "Foundation-5": {},
<<<<<<< HEAD
      "iron-router": {}
=======
      "iron-router": {
        "git": "https://github.com/EventedMind/iron-router.git",
        "branch": "master"
      },
      "feedparser": {}
>>>>>>> 1287cd0ca2dd5ecfaa8d054195e1076a328e66fb
    },
    "packages": {
      "moment": {
        "git": "https://github.com/acreeger/meteor-moment.git",
        "tag": "v2.2.1",
        "commit": "9ee12e714afe56b189f53076447b7b54f3012065"
      },
      "Foundation-5": {
        "git": "https://github.com/ConnorAtherton/meteor-foundation-5.git",
        "tag": "v0.2.0",
        "commit": "670d6963825c6eeb3e145cbf9819f538dc82028f"
      },
      "iron-router": {
        "git": "https://github.com/EventedMind/iron-router.git",
<<<<<<< HEAD
        "tag": "v0.6.1",
        "commit": "4e1ee0581d68bff422a915dacb0bd30eae10fe08"
=======
        "branch": "master",
        "commit": "7a1fb1b8c6721a6e548d9ad0568a6b5ae390efba"
      },
      "feedparser": {
        "git": "https://github.com/DBeath/meteor-feedparser.git",
        "tag": "v0.16.3",
        "commit": "6c1a67a542868b2331b2c189a9b2e6e1f2af7cd1"
>>>>>>> 1287cd0ca2dd5ecfaa8d054195e1076a328e66fb
      }
    }
  }
}
